Microsoft Visual Studio Solution File, Format Version 10.00
# Visual Studio 2008
Project("{8BC9CEB8-8B4A-11D0-8D11-00A0C91BC942}") = "libvnc", "..\..\..\..\projects\vs2008\libvnc.vcproj", "{70E66665-CE8F-31EF-ADCF-0D8B4D0A5C2E}"
	ProjectSection(ProjectDependencies) = postProject
	EndProjectSection
EndProject
Project("{8BC9CEB8-8B4A-11D0-8D11-00A0C91BC942}") = "spi", "spi.vcproj", "{E97AFF45-BD23-37BA-B775-3285FB4CB488}"
	ProjectSection(ProjectDependencies) = postProject
		{70E66665-CE8F-31EF-ADCF-0D8B4D0A5C2E} = {70E66665-CE8F-31EF-ADCF-0D8B4D0A5C2E}
	EndProjectSection
EndProject
Global
	GlobalSection(SolutionConfigurationPlatforms) = preSolution
		Debug|Win32 = Debug|Win32
		Release|Win32 = Release|Win32
		MinSizeRel|Win32 = MinSizeRel|Win32
		RelWithDebInfo|Win32 = RelWithDebInfo|Win32
	EndGlobalSection
	GlobalSection(ProjectConfigurationPlatforms) = postSolution
		{74FDA5CC-6BE6-39DE-A845-070037ACF440}.Debug|Win32.ActiveCfg = Debug|Win32
		{74FDA5CC-6BE6-39DE-A845-070037ACF440}.Release|Win32.ActiveCfg = Release|Win32
		{74FDA5CC-6BE6-39DE-A845-070037ACF440}.MinSizeRel|Win32.ActiveCfg = MinSizeRel|Win32
		{74FDA5CC-6BE6-39DE-A845-070037ACF440}.RelWithDebInfo|Win32.ActiveCfg = RelWithDebInfo|Win32
		{70E66665-CE8F-31EF-ADCF-0D8B4D0A5C2E}.Debug|Win32.ActiveCfg = Debug|Win32
		{70E66665-CE8F-31EF-ADCF-0D8B4D0A5C2E}.Debug|Win32.Build.0 = Debug|Win32
		{70E66665-CE8F-31EF-ADCF-0D8B4D0A5C2E}.Release|Win32.ActiveCfg = Release|Win32
		{70E66665-CE8F-31EF-ADCF-0D8B4D0A5C2E}.Release|Win32.Build.0 = Release|Win32
		{70E66665-CE8F-31EF-ADCF-0D8B4D0A5C2E}.MinSizeRel|Win32.ActiveCfg = MinSizeRel|Win32
		{70E66665-CE8F-31EF-ADCF-0D8B4D0A5C2E}.MinSizeRel|Win32.Build.0 = MinSizeRel|Win32
		{70E66665-CE8F-31EF-ADCF-0D8B4D0A5C2E}.RelWithDebInfo|Win32.ActiveCfg = RelWithDebInfo|Win32
		{70E66665-CE8F-31EF-ADCF-0D8B4D0A5C2E}.RelWithDebInfo|Win32.Build.0 = RelWithDebInfo|Win32
		{E97AFF45-BD23-37BA-B775-3285FB4CB488}.Debug|Win32.ActiveCfg = Debug|Win32
		{E97AFF45-BD23-37BA-B775-3285FB4CB488}.Debug|Win32.Build.0 = Debug|Win32
		{E97AFF45-BD23-37BA-B775-3285FB4CB488}.Release|Win32.ActiveCfg = Release|Win32
		{E97AFF45-BD23-37BA-B775-3285FB4CB488}.Release|Win32.Build.0 = Release|Win32
		{E97AFF45-BD23-37BA-B775-3285FB4CB488}.MinSizeRel|Win32.ActiveCfg = MinSizeRel|Win32
		{E97AFF45-BD23-37BA-B775-3285FB4CB488}.MinSizeRel|Win32.Build.0 = MinSizeRel|Win32
		{E97AFF45-BD23-37BA-B775-3285FB4CB488}.RelWithDebInfo|Win32.ActiveCfg = RelWithDebInfo|Win32
		{E97AFF45-BD23-37BA-B775-3285FB4CB488}.RelWithDebInfo|Win32.Build.0 = RelWithDebInfo|Win32
	EndGlobalSection
	GlobalSection(ExtensibilityGlobals) = postSolution
	EndGlobalSection
	GlobalSection(ExtensibilityAddIns) = postSolution
	EndGlobalSection
EndGlobal
