
Microsoft Visual Studio Solution File, Format Version 12.00
# Visual Studio 2013
VisualStudioVersion = 12.0.30501.0
MinimumVisualStudioVersion = 10.0.40219.1
Project("{FAE04EC0-301F-11D3-BF4B-00C04F79EFBC}") = "math", "math.csproj", "{E197208F-90C5-4F14-8174-D6D5F230EFBA}"
EndProject
Project("{FAE04EC0-301F-11D3-BF4B-00C04F79EFBC}") = "lib", "..\..\..\..\src\lib.csproj", "{EC9638D2-8869-4CAE-B5B1-6BB6D4CB8788}"
EndProject
Global
	GlobalSection(SolutionConfigurationPlatforms) = preSolution
		Debug|Any CPU = Debug|Any CPU
		Release|Any CPU = Release|Any CPU
	EndGlobalSection
	GlobalSection(ProjectConfigurationPlatforms) = postSolution
		{E197208F-90C5-4F14-8174-D6D5F230EFBA}.Debug|Any CPU.ActiveCfg = Debug|Any CPU
		{E197208F-90C5-4F14-8174-D6D5F230EFBA}.Debug|Any CPU.Build.0 = Debug|Any CPU
		{E197208F-90C5-4F14-8174-D6D5F230EFBA}.Release|Any CPU.ActiveCfg = Release|Any CPU
		{E197208F-90C5-4F14-8174-D6D5F230EFBA}.Release|Any CPU.Build.0 = Release|Any CPU
		{EC9638D2-8869-4CAE-B5B1-6BB6D4CB8788}.Debug|Any CPU.ActiveCfg = Debug|Any CPU
		{EC9638D2-8869-4CAE-B5B1-6BB6D4CB8788}.Debug|Any CPU.Build.0 = Debug|Any CPU
		{EC9638D2-8869-4CAE-B5B1-6BB6D4CB8788}.Release|Any CPU.ActiveCfg = Release|Any CPU
		{EC9638D2-8869-4CAE-B5B1-6BB6D4CB8788}.Release|Any CPU.Build.0 = Release|Any CPU
	EndGlobalSection
	GlobalSection(SolutionProperties) = preSolution
		HideSolutionNode = FALSE
	EndGlobalSection
EndGlobal
